// !$*UTF8*$!
{
	archiveVersion = 1;
	classes = {
	};
	objectVersion = 46;
	objects = {

/* Begin PBXBuildFile section */
		1805671B1A7AB182006608E5 /* AppDelegate.swift in Sources */ = {isa = PBXBuildFile; fileRef = 1805671A1A7AB182006608E5 /* AppDelegate.swift */; };
		1805671D1A7AB182006608E5 /* ViewController.swift in Sources */ = {isa = PBXBuildFile; fileRef = 1805671C1A7AB182006608E5 /* ViewController.swift */; };
		180567201A7AB182006608E5 /* Main.storyboard in Resources */ = {isa = PBXBuildFile; fileRef = 1805671E1A7AB182006608E5 /* Main.storyboard */; };
		180567221A7AB182006608E5 /* Images.xcassets in Resources */ = {isa = PBXBuildFile; fileRef = 180567211A7AB182006608E5 /* Images.xcassets */; };
		180567251A7AB182006608E5 /* LaunchScreen.xib in Resources */ = {isa = PBXBuildFile; fileRef = 180567231A7AB182006608E5 /* LaunchScreen.xib */; };
		180567311A7AB182006608E5 /* calculatorTests.swift in Sources */ = {isa = PBXBuildFile; fileRef = 180567301A7AB182006608E5 /* calculatorTests.swift */; };
/* End PBXBuildFile section */

/* Begin PBXContainerItemProxy section */
		1805672B1A7AB182006608E5 /* PBXContainerItemProxy */ = {
			isa = PBXContainerItemProxy;
			containerPortal = 1805670D1A7AB182006608E5 /* Project object */;
			proxyType = 1;
			remoteGlobalIDString = 180567141A7AB182006608E5;
			remoteInfo = calculator;
		};
/* End PBXContainerItemProxy section */

/* Begin PBXFileReference section */
		180567151A7AB182006608E5 /* calculator.app */ = {isa = PBXFileReference; explicitFileType = wrapper.application; includeInIndex = 0; path = calculator.app; sourceTree = BUILT_PRODUCTS_DIR; };
		180567191A7AB182006608E5 /* Info.plist */ = {isa = PBXFileReference; lastKnownFileType = text.plist.xml; path = Info.plist; sourceTree = "<group>"; };
		1805671A1A7AB182006608E5 /* AppDelegate.swift */ = {isa = PBXFileReference; lastKnownFileType = sourcecode.swift; path = AppDelegate.swift; sourceTree = "<group>"; };
		1805671C1A7AB182006608E5 /* ViewController.swift */ = {isa = PBXFileReference; lastKnownFileType = sourcecode.swift; path = ViewController.swift; sourceTree = "<group>"; };
		1805671F1A7AB182006608E5 /* Base */ = {isa = PBXFileReference; lastKnownFileType = file.storyboard; name = Base; path = Base.lproj/Main.storyboard; sourceTree = "<group>"; };
		180567211A7AB182006608E5 /* Images.xcassets */ = {isa = PBXFileReference; lastKnownFileType = folder.assetcatalog; path = Images.xcassets; sourceTree = "<group>"; };
		180567241A7AB182006608E5 /* Base */ = {isa = PBXFileReference; lastKnownFileType = file.xib; name = Base; path = Base.lproj/LaunchScreen.xib; sourceTree = "<group>"; };
		1805672A1A7AB182006608E5 /* calculatorTests.xctest */ = {isa = PBXFileReference; explicitFileType = wrapper.cfbundle; includeInIndex = 0; path = calculatorTests.xctest; sourceTree = BUILT_PRODUCTS_DIR; };
		1805672F1A7AB182006608E5 /* Info.plist */ = {isa = PBXFileReference; lastKnownFileType = text.plist.xml; path = Info.plist; sourceTree = "<group>"; };
		180567301A7AB182006608E5 /* calculatorTests.swift */ = {isa = PBXFileReference; lastKnownFileType = sourcecode.swift; path = calculatorTests.swift; sourceTree = "<group>"; };
/* End PBXFileReference section */

/* Begin PBXFrameworksBuildPhase section */
		180567121A7AB182006608E5 /* Frameworks */ = {
			isa = PBXFrameworksBuildPhase;
			buildActionMask = 2147483647;
			files = (
			);
			runOnlyForDeploymentPostprocessing = 0;
		};
		180567271A7AB182006608E5 /* Frameworks */ = {
			isa = PBXFrameworksBuildPhase;
			buildActionMask = 2147483647;
			files = (
			);
			runOnlyForDeploymentPostprocessing = 0;
		};
/* End PBXFrameworksBuildPhase section */

/* Begin PBXGroup section */
		1805670C1A7AB182006608E5 = {
			isa = PBXGroup;
			children = (
				180567171A7AB182006608E5 /* calculator */,
				1805672D1A7AB182006608E5 /* calculatorTests */,
				180567161A7AB182006608E5 /* Products */,
			);
			sourceTree = "<group>";
		};
		180567161A7AB182006608E5 /* Products */ = {
			isa = PBXGroup;
			children = (
				180567151A7AB182006608E5 /* calculator.app */,
				1805672A1A7AB182006608E5 /* calculatorTests.xctest */,
			);
			name = Products;
			sourceTree = "<group>";
		};
		180567171A7AB182006608E5 /* calculator */ = {
			isa = PBXGroup;
			children = (
				1805671C1A7AB182006608E5 /* ViewController.swift */,
				1805671E1A7AB182006608E5 /* Main.storyboard */,
				180567181A7AB182006608E5 /* Supporting Files */,
			);
			path = calculator;
			sourceTree = "<group>";
		};
		180567181A7AB182006608E5 /* Supporting Files */ = {
			isa = PBXGroup;
			children = (
				180567231A7AB182006608E5 /* LaunchScreen.xib */,
				180567211A7AB182006608E5 /* Images.xcassets */,
				1805671A1A7AB182006608E5 /* AppDelegate.swift */,
				180567191A7AB182006608E5 /* Info.plist */,
			);
			name = "Supporting Files";
			sourceTree = "<group>";
		};
		1805672D1A7AB182006608E5 /* calculatorTests */ = {
			isa = PBXGroup;
			children = (
				180567301A7AB182006608E5 /* calculatorTests.swift */,
				1805672E1A7AB182006608E5 /* Supporting Files */,
			);
			path = calculatorTests;
			sourceTree = "<group>";
		};
		1805672E1A7AB182006608E5 /* Supporting Files */ = {
			isa = PBXGroup;
			children = (
				1805672F1A7AB182006608E5 /* Info.plist */,
			);
			name = "Supporting Files";
			sourceTree = "<group>";
		};
/* End PBXGroup section */

/* Begin PBXNativeTarget section */
		180567141A7AB182006608E5 /* calculator */ = {
			isa = PBXNativeTarget;
			buildConfigurationList = 180567341A7AB182006608E5 /* Build configuration list for PBXNativeTarget "calculator" */;
			buildPhases = (
				180567111A7AB182006608E5 /* Sources */,
				180567121A7AB182006608E5 /* Frameworks */,
				180567131A7AB182006608E5 /* Resources */,
			);
			buildRules = (
			);
			dependencies = (
			);
			name = calculator;
			productName = calculator;
			productReference = 180567151A7AB182006608E5 /* calculator.app */;
			productType = "com.apple.product-type.application";
		};
		180567291A7AB182006608E5 /* calculatorTests */ = {
			isa = PBXNativeTarget;
			buildConfigurationList = 180567371A7AB182006608E5 /* Build configuration list for PBXNativeTarget "calculatorTests" */;
			buildPhases = (
				180567261A7AB182006608E5 /* Sources */,
				180567271A7AB182006608E5 /* Frameworks */,
				180567281A7AB182006608E5 /* Resources */,
			);
			buildRules = (
			);
			dependencies = (
				1805672C1A7AB182006608E5 /* PBXTargetDependency */,
			);
			name = calculatorTests;
			productName = calculatorTests;
			productReference = 1805672A1A7AB182006608E5 /* calculatorTests.xctest */;
			productType = "com.apple.product-type.bundle.unit-test";
		};
/* End PBXNativeTarget section */

/* Begin PBXProject section */
		1805670D1A7AB182006608E5 /* Project object */ = {
			isa = PBXProject;
			attributes = {
				LastUpgradeCheck = 0610;
				ORGANIZATIONNAME = Mzinga;
				TargetAttributes = {
					180567141A7AB182006608E5 = {
						CreatedOnToolsVersion = 6.1.1;
					};
					180567291A7AB182006608E5 = {
						CreatedOnToolsVersion = 6.1.1;
						TestTargetID = 180567141A7AB182006608E5;
					};
				};
			};
			buildConfigurationList = 180567101A7AB182006608E5 /* Build configuration list for PBXProject "calculator" */;
			compatibilityVersion = "Xcode 3.2";
			developmentRegion = English;
			hasScannedForEncodings = 0;
			knownRegions = (
				en,
				Base,
			);
			mainGroup = 1805670C1A7AB182006608E5;
			productRefGroup = 180567161A7AB182006608E5 /* Products */;
			projectDirPath = "";
			projectRoot = "";
			targets = (
				180567141A7AB182006608E5 /* calculator */,
				180567291A7AB182006608E5 /* calculatorTests */,
			);
		};
/* End PBXProject section */

/* Begin PBXResourcesBuildPhase section */
		180567131A7AB182006608E5 /* Resources */ = {
			isa = PBXResourcesBuildPhase;
			buildActionMask = 2147483647;
			files = (
				180567201A7AB182006608E5 /* Main.storyboard in Resources */,
				180567251A7AB182006608E5 /* LaunchScreen.xib in Resources */,
				180567221A7AB182006608E5 /* Images.xcassets in Resources */,
			);
			runOnlyForDeploymentPostprocessing = 0;
		};
		180567281A7AB182006608E5 /* Resources */ = {
			isa = PBXResourcesBuildPhase;
			buildActionMask = 2147483647;
			files = (
			);
			runOnlyForDeploymentPostprocessing = 0;
		};
/* End PBXResourcesBuildPhase section */

/* Begin PBXSourcesBuildPhase section */
		180567111A7AB182006608E5 /* Sources */ = {
			isa = PBXSourcesBuildPhase;
			buildActionMask = 2147483647;
			files = (
				1805671D1A7AB182006608E5 /* ViewController.swift in Sources */,
				1805671B1A7AB182006608E5 /* AppDelegate.swift in Sources */,
			);
			runOnlyForDeploymentPostprocessing = 0;
		};
		180567261A7AB182006608E5 /* Sources */ = {
			isa = PBXSourcesBuildPhase;
			buildActionMask = 2147483647;
			files = (
				180567311A7AB182006608E5 /* calculatorTests.swift in Sources */,
			);
			runOnlyForDeploymentPostprocessing = 0;
		};
/* End PBXSourcesBuildPhase section */

/* Begin PBXTargetDependency section */
		1805672C1A7AB182006608E5 /* PBXTargetDependency */ = {
			isa = PBXTargetDependency;
			target = 180567141A7AB182006608E5 /* calculator */;
			targetProxy = 1805672B1A7AB182006608E5 /* PBXContainerItemProxy */;
		};
/* End PBXTargetDependency section */

/* Begin PBXVariantGroup section */
		1805671E1A7AB182006608E5 /* Main.storyboard */ = {
			isa = PBXVariantGroup;
			children = (
				1805671F1A7AB182006608E5 /* Base */,
			);
			name = Main.storyboard;
			sourceTree = "<group>";
		};
		180567231A7AB182006608E5 /* LaunchScreen.xib */ = {
			isa = PBXVariantGroup;
			children = (
				180567241A7AB182006608E5 /* Base */,
			);
			name = LaunchScreen.xib;
			sourceTree = "<group>";
		};
/* End PBXVariantGroup section */

/* Begin XCBuildConfiguration section */
		180567321A7AB182006608E5 /* Debug */ = {
			isa = XCBuildConfiguration;
			buildSettings = {
				ALWAYS_SEARCH_USER_PATHS = NO;
				CLANG_CXX_LANGUAGE_STANDARD = "gnu++0x";
				CLANG_CXX_LIBRARY = "libc++";
				CLANG_ENABLE_MODULES = YES;
				CLANG_ENABLE_OBJC_ARC = YES;
				CLANG_WARN_BOOL_CONVERSION = YES;
				CLANG_WARN_CONSTANT_CONVERSION = YES;
				CLANG_WARN_DIRECT_OBJC_ISA_USAGE = YES_ERROR;
				CLANG_WARN_EMPTY_BODY = YES;
				CLANG_WARN_ENUM_CONVERSION = YES;
				CLANG_WARN_INT_CONVERSION = YES;
				CLANG_WARN_OBJC_ROOT_CLASS = YES_ERROR;
				CLANG_WARN_UNREACHABLE_CODE = YES;
				CLANG_WARN__DUPLICATE_METHOD_MATCH = YES;
				"CODE_SIGN_IDENTITY[sdk=iphoneos*]" = "iPhone Developer";
				COPY_PHASE_STRIP = NO;
				ENABLE_STRICT_OBJC_MSGSEND = YES;
				GCC_C_LANGUAGE_STANDARD = gnu99;
				GCC_DYNAMIC_NO_PIC = NO;
				GCC_OPTIMIZATION_LEVEL = 0;
				GCC_PREPROCESSOR_DEFINITIONS = (
					"DEBUG=1",
					"$(inherited)",
				);
				GCC_SYMBOLS_PRIVATE_EXTERN = NO;
				GCC_WARN_64_TO_32_BIT_CONVERSION = YES;
				GCC_WARN_ABOUT_RETURN_TYPE = YES_ERROR;
				GCC_WARN_UNDECLARED_SELECTOR = YES;
				GCC_WARN_UNINITIALIZED_AUTOS = YES_AGGRESSIVE;
				GCC_WARN_UNUSED_FUNCTION = YES;
				GCC_WARN_UNUSED_VARIABLE = YES;
				IPHONEOS_DEPLOYMENT_TARGET = 8.1;
				MTL_ENABLE_DEBUG_INFO = YES;
				ONLY_ACTIVE_ARCH = YES;
				SDKROOT = iphoneos;
				SWIFT_OPTIMIZATION_LEVEL = "-Onone";
				TARGETED_DEVICE_FAMILY = "1,2";
			};
			name = Debug;
		};
		180567331A7AB182006608E5 /* Release */ = {
			isa = XCBuildConfiguration;
			buildSettings = {
				ALWAYS_SEARCH_USER_PATHS = NO;
				CLANG_CXX_LANGUAGE_STANDARD = "gnu++0x";
				CLANG_CXX_LIBRARY = "libc++";
				CLANG_ENABLE_MODULES = YES;
				CLANG_ENABLE_OBJC_ARC = YES;
				CLANG_WARN_BOOL_CONVERSION = YES;
				CLANG_WARN_CONSTANT_CONVERSION = YES;
				CLANG_WARN_DIRECT_OBJC_ISA_USAGE = YES_ERROR;
				CLANG_WARN_EMPTY_BODY = YES;
				CLANG_WARN_ENUM_CONVERSION = YES;
				CLANG_WARN_INT_CONVERSION = YES;
				CLANG_WARN_OBJC_ROOT_CLASS = YES_ERROR;
				CLANG_WARN_UNREACHABLE_CODE = YES;
				CLANG_WARN__DUPLICATE_METHOD_MATCH = YES;
				"CODE_SIGN_IDENTITY[sdk=iphoneos*]" = "iPhone Developer";
				COPY_PHASE_STRIP = YES;
				ENABLE_NS_ASSERTIONS = NO;
				ENABLE_STRICT_OBJC_MSGSEND = YES;
				GCC_C_LANGUAGE_STANDARD = gnu99;
				GCC_WARN_64_TO_32_BIT_CONVERSION = YES;
				GCC_WARN_ABOUT_RETURN_TYPE = YES_ERROR;
				GCC_WARN_UNDECLARED_SELECTOR = YES;
				GCC_WARN_UNINITIALIZED_AUTOS = YES_AGGRESSIVE;
				GCC_WARN_UNUSED_FUNCTION = YES;
				GCC_WARN_UNUSED_VARIABLE = YES;
				IPHONEOS_DEPLOYMENT_TARGET = 8.1;
				MTL_ENABLE_DEBUG_INFO = NO;
				SDKROOT = iphoneos;
				TARGETED_DEVICE_FAMILY = "1,2";
				VALIDATE_PRODUCT = YES;
			};
			name = Release;
		};
		180567351A7AB182006608E5 /* Debug */ = {
			isa = XCBuildConfiguration;
			buildSettings = {
				ASSETCATALOG_COMPILER_APPICON_NAME = AppIcon;
				INFOPLIST_FILE = calculator/Info.plist;
				LD_RUNPATH_SEARCH_PATHS = "$(inherited) @executable_path/Frameworks";
				PRODUCT_NAME = "$(TARGET_NAME)";
			};
			name = Debug;
		};
		180567361A7AB182006608E5 /* Release */ = {
			isa = XCBuildConfiguration;
			buildSettings = {
				ASSETCATALOG_COMPILER_APPICON_NAME = AppIcon;
				INFOPLIST_FILE = calculator/Info.plist;
				LD_RUNPATH_SEARCH_PATHS = "$(inherited) @executable_path/Frameworks";
				PRODUCT_NAME = "$(TARGET_NAME)";
			};
			name = Release;
		};
		180567381A7AB182006608E5 /* Debug */ = {
			isa = XCBuildConfiguration;
			buildSettings = {
				BUNDLE_LOADER = "$(TEST_HOST)";
				FRAMEWORK_SEARCH_PATHS = (
					"$(SDKROOT)/Developer/Library/Frameworks",
					"$(inherited)",
				);
				GCC_PREPROCESSOR_DEFINITIONS = (
					"DEBUG=1",
					"$(inherited)",
				);
				INFOPLIST_FILE = calculatorTests/Info.plist;
				LD_RUNPATH_SEARCH_PATHS = "$(inherited) @executable_path/Frameworks @loader_path/Frameworks";
				PRODUCT_NAME = "$(TARGET_NAME)";
				TEST_HOST = "$(BUILT_PRODUCTS_DIR)/calculator.app/calculator";
			};
			name = Debug;
		};
		180567391A7AB182006608E5 /* Release */ = {
			isa = XCBuildConfiguration;
			buildSettings = {
				BUNDLE_LOADER = "$(TEST_HOST)";
				FRAMEWORK_SEARCH_PATHS = (
					"$(SDKROOT)/Developer/Library/Frameworks",
					"$(inherited)",
				);
				INFOPLIST_FILE = calculatorTests/Info.plist;
				LD_RUNPATH_SEARCH_PATHS = "$(inherited) @executable_path/Frameworks @loader_path/Frameworks";
				PRODUCT_NAME = "$(TARGET_NAME)";
				TEST_HOST = "$(BUILT_PRODUCTS_DIR)/calculator.app/calculator";
			};
			name = Release;
		};
/* End XCBuildConfiguration section */

/* Begin XCConfigurationList section */
		180567101A7AB182006608E5 /* Build configuration list for PBXProject "calculator" */ = {
			isa = XCConfigurationList;
			buildConfigurations = (
				180567321A7AB182006608E5 /* Debug */,
				180567331A7AB182006608E5 /* Release */,
			);
			defaultConfigurationIsVisible = 0;
			defaultConfigurationName = Release;
		};
		180567341A7AB182006608E5 /* Build configuration list for PBXNativeTarget "calculator" */ = {
			isa = XCConfigurationList;
			buildConfigurations = (
				180567351A7AB182006608E5 /* Debug */,
				180567361A7AB182006608E5 /* Release */,
			);
			defaultConfigurationIsVisible = 0;
		};
		180567371A7AB182006608E5 /* Build configuration list for PBXNativeTarget "calculatorTests" */ = {
			isa = XCConfigurationList;
			buildConfigurations = (
				180567381A7AB182006608E5 /* Debug */,
				180567391A7AB182006608E5 /* Release */,
			);
			defaultConfigurationIsVisible = 0;
		};
/* End XCConfigurationList section */
	};
	rootObject = 1805670D1A7AB182006608E5 /* Project object */;
}
